
Microsoft Visual Studio Solution File, Format Version 12.00
# Visual Studio Version 17
VisualStudioVersion = 17.13.35828.75 d17.13
MinimumVisualStudioVersion = 10.0.40219.1
Project("{FAE04EC0-301F-11D3-BF4B-00C04F79EFBC}") = "UnifiedEmail", "UnifiedEmail\UnifiedEmail.csproj", "{EEB8CA2E-A736-4C92-9745-970686A15783}"
EndProject
Global
	GlobalSection(SolutionConfigurationPlatforms) = preSolution
		Debug|Any CPU = Debug|Any CPU
		Release|Any CPU = Release|Any CPU
	EndGlobalSection
	GlobalSection(ProjectConfigurationPlatforms) = postSolution
		{EEB8CA2E-A736-4C92-9745-970686A15783}.Debug|Any CPU.ActiveCfg = Debug|Any CPU
		{EEB8CA2E-A736-4C92-9745-970686A15783}.Debug|Any CPU.Build.0 = Debug|Any CPU
		{EEB8CA2E-A736-4C92-9745-970686A15783}.Release|Any CPU.ActiveCfg = Release|Any CPU
		{EEB8CA2E-A736-4C92-9745-970686A15783}.Release|Any CPU.Build.0 = Release|Any CPU
	EndGlobalSection
	GlobalSection(SolutionProperties) = preSolution
		HideSolutionNode = FALSE
	EndGlobalSection
	GlobalSection(ExtensibilityGlobals) = postSolution
		SolutionGuid = {22C1BC89-2A8E-4DCB-A1DA-2630A843E8BF}
	EndGlobalSection
EndGlobal
